
Microsoft Visual Studio Solution File, Format Version 12.00
# Visual Studio 14
VisualStudioVersion = 14.0.25420.1
MinimumVisualStudioVersion = 10.0.40219.1
Project("{9092AA53-FB77-4645-B42D-1CCCA6BD08BD}") = "CommtrackV2", "CommtrackV2\CommtrackV2.njsproj", "{88B428D0-3461-4C7F-B755-A62F52F7D26E}"
EndProject
Global
	GlobalSection(SolutionConfigurationPlatforms) = preSolution
		Debug|Any CPU = Debug|Any CPU
		Release|Any CPU = Release|Any CPU
	EndGlobalSection
	GlobalSection(ProjectConfigurationPlatforms) = postSolution
		{88B428D0-3461-4C7F-B755-A62F52F7D26E}.Debug|Any CPU.ActiveCfg = Debug|Any CPU
		{88B428D0-3461-4C7F-B755-A62F52F7D26E}.Debug|Any CPU.Build.0 = Debug|Any CPU
		{88B428D0-3461-4C7F-B755-A62F52F7D26E}.Release|Any CPU.ActiveCfg = Release|Any CPU
		{88B428D0-3461-4C7F-B755-A62F52F7D26E}.Release|Any CPU.Build.0 = Release|Any CPU
	EndGlobalSection
	GlobalSection(SolutionProperties) = preSolution
		HideSolutionNode = FALSE
	EndGlobalSection
EndGlobal
